// !$*UTF8*$!
{
	archiveVersion = 1;
	classes = {
	};
	objectVersion = 50;
	objects = {

/* Begin PBXBuildFile section */
		7B30B5C9FF29F95844626635 /* Pods_Assemble.framework in Frameworks */ = {isa = PBXBuildFile; fileRef = F9EC583DE16DF0C7F51A7953 /* Pods_Assemble.framework */; };
		9B227933215788A6004907DD /* ImageCell.swift in Sources */ = {isa = PBXBuildFile; fileRef = 9B227932215788A6004907DD /* ImageCell.swift */; };
		9B22793521579125004907DD /* ProblemViewController.swift in Sources */ = {isa = PBXBuildFile; fileRef = 9B22793421579125004907DD /* ProblemViewController.swift */; };
		9B22793821579235004907DD /* PolarisButton.swift in Sources */ = {isa = PBXBuildFile; fileRef = 9B22793721579235004907DD /* PolarisButton.swift */; };
		9B22793A2157B167004907DD /* AddSolutionsViewController.swift in Sources */ = {isa = PBXBuildFile; fileRef = 9B2279392157B167004907DD /* AddSolutionsViewController.swift */; };
		9B44034A21574DEE0006C25E /* HomeViewController.swift in Sources */ = {isa = PBXBuildFile; fileRef = 9B44034921574DEE0006C25E /* HomeViewController.swift */; };
		9B44034C2157534E0006C25E /* ControlText.swift in Sources */ = {isa = PBXBuildFile; fileRef = 9B44034B2157534E0006C25E /* ControlText.swift */; };
		9B44034E215762600006C25E /* TitleHeaderCell.swift in Sources */ = {isa = PBXBuildFile; fileRef = 9B44034D215762600006C25E /* TitleHeaderCell.swift */; };
		9B440350215762A30006C25E /* AssembleLayout.swift in Sources */ = {isa = PBXBuildFile; fileRef = 9B44034F215762A30006C25E /* AssembleLayout.swift */; };
		9B440352215768520006C25E /* AddProblemDataViewController.swift in Sources */ = {isa = PBXBuildFile; fileRef = 9B440351215768520006C25E /* AddProblemDataViewController.swift */; };
		9B44035421576A6B0006C25E /* FirestoreFakeDataSaver.swift in Sources */ = {isa = PBXBuildFile; fileRef = 9B44035321576A6B0006C25E /* FirestoreFakeDataSaver.swift */; };
		9B5D740F215742AC00EC7534 /* Problem.swift in Sources */ = {isa = PBXBuildFile; fileRef = 9B5D740E215742AC00EC7534 /* Problem.swift */; };
		9B5D74112157463200EC7534 /* ContextLogger.swift in Sources */ = {isa = PBXBuildFile; fileRef = 9B5D74102157463200EC7534 /* ContextLogger.swift */; };
		9B5D741521574A1F00EC7534 /* Solution.swift in Sources */ = {isa = PBXBuildFile; fileRef = 9B5D741421574A1F00EC7534 /* Solution.swift */; };
		9B5D741821574C4000EC7534 /* GovernmentLevel.swift in Sources */ = {isa = PBXBuildFile; fileRef = 9B5D741621574B2100EC7534 /* GovernmentLevel.swift */; };
		9B9D18C1215712D100A5B56E /* AppDelegate.swift in Sources */ = {isa = PBXBuildFile; fileRef = 9B9D18C0215712D100A5B56E /* AppDelegate.swift */; };
		9B9D18C8215712D100A5B56E /* Assets.xcassets in Resources */ = {isa = PBXBuildFile; fileRef = 9B9D18C7215712D100A5B56E /* Assets.xcassets */; };
		9B9D18CB215712D100A5B56E /* LaunchScreen.storyboard in Resources */ = {isa = PBXBuildFile; fileRef = 9B9D18C9215712D100A5B56E /* LaunchScreen.storyboard */; };
		9B9D18D6215712D100A5B56E /* AssembleTests.swift in Sources */ = {isa = PBXBuildFile; fileRef = 9B9D18D5215712D100A5B56E /* AssembleTests.swift */; };
		9B9D18E12157137800A5B56E /* GoogleService-Info.plist in Resources */ = {isa = PBXBuildFile; fileRef = 9B9D18E02157137800A5B56E /* GoogleService-Info.plist */; };
		9B9D18E22157137800A5B56E /* GoogleService-Info.plist in Resources */ = {isa = PBXBuildFile; fileRef = 9B9D18E02157137800A5B56E /* GoogleService-Info.plist */; };
		9B9D18F0215714D200A5B56E /* UIColor+Extension.swift in Sources */ = {isa = PBXBuildFile; fileRef = 9B9D18EF215714D200A5B56E /* UIColor+Extension.swift */; };
		9B9D18F22157156F00A5B56E /* AssemblyNavigationController.swift in Sources */ = {isa = PBXBuildFile; fileRef = 9B9D18F12157156F00A5B56E /* AssemblyNavigationController.swift */; };
		9B9D18F52157162300A5B56E /* FirestoreManager.swift in Sources */ = {isa = PBXBuildFile; fileRef = 9B9D18F42157162300A5B56E /* FirestoreManager.swift */; };
		9B9D18F82157176100A5B56E /* Restaurant.swift in Sources */ = {isa = PBXBuildFile; fileRef = 9B9D18F72157176100A5B56E /* Restaurant.swift */; };
		9B9D18FB215717C300A5B56E /* LocalCollection.swift in Sources */ = {isa = PBXBuildFile; fileRef = 9B9D18FA215717C300A5B56E /* LocalCollection.swift */; };
		9B9D18FD2157254C00A5B56E /* FirestoreManagerSample+TestSaves.swift in Sources */ = {isa = PBXBuildFile; fileRef = 9B9D18FC2157254C00A5B56E /* FirestoreManagerSample+TestSaves.swift */; };
		9B9D19002157355300A5B56E /* FTDCellFactory.swift in Sources */ = {isa = PBXBuildFile; fileRef = 9B9D18FF2157355300A5B56E /* FTDCellFactory.swift */; };
		9B9D19022157357300A5B56E /* SpacerCell.swift in Sources */ = {isa = PBXBuildFile; fileRef = 9B9D19012157357300A5B56E /* SpacerCell.swift */; };
		9B9D1905215735C400A5B56E /* Constrainable.swift in Sources */ = {isa = PBXBuildFile; fileRef = 9B9D1904215735C400A5B56E /* Constrainable.swift */; };
		9B9D1907215735FB00A5B56E /* Constraints+Activation+Priority.swift in Sources */ = {isa = PBXBuildFile; fileRef = 9B9D1906215735FB00A5B56E /* Constraints+Activation+Priority.swift */; };
		9B9D19092157361900A5B56E /* UIView+Constraints.swift in Sources */ = {isa = PBXBuildFile; fileRef = 9B9D19082157361900A5B56E /* UIView+Constraints.swift */; };
		9B9D190C2157375C00A5B56E /* SampleNibView.xib in Resources */ = {isa = PBXBuildFile; fileRef = 9B9D190A2157375C00A5B56E /* SampleNibView.xib */; };
		9B9D190D2157375C00A5B56E /* SampleNibCell.swift in Sources */ = {isa = PBXBuildFile; fileRef = 9B9D190B2157375C00A5B56E /* SampleNibCell.swift */; };
		9B9D1910215737B500A5B56E /* HomeProblemCell.swift in Sources */ = {isa = PBXBuildFile; fileRef = 9B9D190E215737B500A5B56E /* HomeProblemCell.swift */; };
		9B9D19132157395C00A5B56E /* UIView+FTDConstrainable.swift in Sources */ = {isa = PBXBuildFile; fileRef = 9B9D19122157395C00A5B56E /* UIView+FTDConstrainable.swift */; };
		9B9D1915215740EA00A5B56E /* SampleViewController.swift in Sources */ = {isa = PBXBuildFile; fileRef = 9B9D1914215740EA00A5B56E /* SampleViewController.swift */; };
/* End PBXBuildFile section */

/* Begin PBXContainerItemProxy section */
		9B9D18D2215712D100A5B56E /* PBXContainerItemProxy */ = {
			isa = PBXContainerItemProxy;
			containerPortal = 9B9D18B5215712D100A5B56E /* Project object */;
			proxyType = 1;
			remoteGlobalIDString = 9B9D18BC215712D100A5B56E;
			remoteInfo = Assemble;
		};
/* End PBXContainerItemProxy section */

/* Begin PBXFileReference section */
		866FEAF0AC8E69201E29F7CA /* Pods-Assemble.release.xcconfig */ = {isa = PBXFileReference; includeInIndex = 1; lastKnownFileType = text.xcconfig; name = "Pods-Assemble.release.xcconfig"; path = "Pods/Target Support Files/Pods-Assemble/Pods-Assemble.release.xcconfig"; sourceTree = "<group>"; };
		9B227932215788A6004907DD /* ImageCell.swift */ = {isa = PBXFileReference; lastKnownFileType = sourcecode.swift; path = ImageCell.swift; sourceTree = "<group>"; };
		9B22793421579125004907DD /* ProblemViewController.swift */ = {isa = PBXFileReference; lastKnownFileType = sourcecode.swift; path = ProblemViewController.swift; sourceTree = "<group>"; };
		9B22793721579235004907DD /* PolarisButton.swift */ = {isa = PBXFileReference; lastKnownFileType = sourcecode.swift; path = PolarisButton.swift; sourceTree = "<group>"; };
		9B2279392157B167004907DD /* AddSolutionsViewController.swift */ = {isa = PBXFileReference; lastKnownFileType = sourcecode.swift; path = AddSolutionsViewController.swift; sourceTree = "<group>"; };
		9B44034921574DEE0006C25E /* HomeViewController.swift */ = {isa = PBXFileReference; lastKnownFileType = sourcecode.swift; path = HomeViewController.swift; sourceTree = "<group>"; };
		9B44034B2157534E0006C25E /* ControlText.swift */ = {isa = PBXFileReference; lastKnownFileType = sourcecode.swift; path = ControlText.swift; sourceTree = "<group>"; };
		9B44034D215762600006C25E /* TitleHeaderCell.swift */ = {isa = PBXFileReference; lastKnownFileType = sourcecode.swift; path = TitleHeaderCell.swift; sourceTree = "<group>"; };
		9B44034F215762A30006C25E /* AssembleLayout.swift */ = {isa = PBXFileReference; lastKnownFileType = sourcecode.swift; path = AssembleLayout.swift; sourceTree = "<group>"; };
		9B440351215768520006C25E /* AddProblemDataViewController.swift */ = {isa = PBXFileReference; lastKnownFileType = sourcecode.swift; path = AddProblemDataViewController.swift; sourceTree = "<group>"; };
		9B44035321576A6B0006C25E /* FirestoreFakeDataSaver.swift */ = {isa = PBXFileReference; lastKnownFileType = sourcecode.swift; path = FirestoreFakeDataSaver.swift; sourceTree = "<group>"; };
		9B5D740E215742AC00EC7534 /* Problem.swift */ = {isa = PBXFileReference; lastKnownFileType = sourcecode.swift; path = Problem.swift; sourceTree = "<group>"; };
		9B5D74102157463200EC7534 /* ContextLogger.swift */ = {isa = PBXFileReference; lastKnownFileType = sourcecode.swift; path = ContextLogger.swift; sourceTree = "<group>"; };
		9B5D741421574A1F00EC7534 /* Solution.swift */ = {isa = PBXFileReference; lastKnownFileType = sourcecode.swift; path = Solution.swift; sourceTree = "<group>"; };
		9B5D741621574B2100EC7534 /* GovernmentLevel.swift */ = {isa = PBXFileReference; lastKnownFileType = sourcecode.swift; path = GovernmentLevel.swift; sourceTree = "<group>"; };
		9B9D18BD215712D100A5B56E /* Assemble.app */ = {isa = PBXFileReference; explicitFileType = wrapper.application; includeInIndex = 0; path = Assemble.app; sourceTree = BUILT_PRODUCTS_DIR; };
		9B9D18C0215712D100A5B56E /* AppDelegate.swift */ = {isa = PBXFileReference; lastKnownFileType = sourcecode.swift; path = AppDelegate.swift; sourceTree = "<group>"; };
		9B9D18C7215712D100A5B56E /* Assets.xcassets */ = {isa = PBXFileReference; lastKnownFileType = folder.assetcatalog; path = Assets.xcassets; sourceTree = "<group>"; };
		9B9D18CA215712D100A5B56E /* Base */ = {isa = PBXFileReference; lastKnownFileType = file.storyboard; name = Base; path = Base.lproj/LaunchScreen.storyboard; sourceTree = "<group>"; };
		9B9D18CC215712D100A5B56E /* Info.plist */ = {isa = PBXFileReference; lastKnownFileType = text.plist.xml; path = Info.plist; sourceTree = "<group>"; };
		9B9D18D1215712D100A5B56E /* AssembleTests.xctest */ = {isa = PBXFileReference; explicitFileType = wrapper.cfbundle; includeInIndex = 0; path = AssembleTests.xctest; sourceTree = BUILT_PRODUCTS_DIR; };
		9B9D18D5215712D100A5B56E /* AssembleTests.swift */ = {isa = PBXFileReference; lastKnownFileType = sourcecode.swift; path = AssembleTests.swift; sourceTree = "<group>"; };
		9B9D18D7215712D100A5B56E /* Info.plist */ = {isa = PBXFileReference; lastKnownFileType = text.plist.xml; path = Info.plist; sourceTree = "<group>"; };
		9B9D18E02157137800A5B56E /* GoogleService-Info.plist */ = {isa = PBXFileReference; fileEncoding = 4; lastKnownFileType = text.plist.xml; path = "GoogleService-Info.plist"; sourceTree = "<group>"; };
		9B9D18EF215714D200A5B56E /* UIColor+Extension.swift */ = {isa = PBXFileReference; lastKnownFileType = sourcecode.swift; path = "UIColor+Extension.swift"; sourceTree = "<group>"; };
		9B9D18F12157156F00A5B56E /* AssemblyNavigationController.swift */ = {isa = PBXFileReference; lastKnownFileType = sourcecode.swift; path = AssemblyNavigationController.swift; sourceTree = "<group>"; };
		9B9D18F42157162300A5B56E /* FirestoreManager.swift */ = {isa = PBXFileReference; lastKnownFileType = sourcecode.swift; path = FirestoreManager.swift; sourceTree = "<group>"; };
		9B9D18F72157176100A5B56E /* Restaurant.swift */ = {isa = PBXFileReference; lastKnownFileType = sourcecode.swift; path = Restaurant.swift; sourceTree = "<group>"; };
		9B9D18FA215717C300A5B56E /* LocalCollection.swift */ = {isa = PBXFileReference; lastKnownFileType = sourcecode.swift; path = LocalCollection.swift; sourceTree = "<group>"; };
		9B9D18FC2157254C00A5B56E /* FirestoreManagerSample+TestSaves.swift */ = {isa = PBXFileReference; lastKnownFileType = sourcecode.swift; path = "FirestoreManagerSample+TestSaves.swift"; sourceTree = "<group>"; };
		9B9D18FF2157355300A5B56E /* FTDCellFactory.swift */ = {isa = PBXFileReference; lastKnownFileType = sourcecode.swift; path = FTDCellFactory.swift; sourceTree = "<group>"; };
		9B9D19012157357300A5B56E /* SpacerCell.swift */ = {isa = PBXFileReference; lastKnownFileType = sourcecode.swift; path = SpacerCell.swift; sourceTree = "<group>"; };
		9B9D1904215735C400A5B56E /* Constrainable.swift */ = {isa = PBXFileReference; lastKnownFileType = sourcecode.swift; path = Constrainable.swift; sourceTree = "<group>"; };
		9B9D1906215735FB00A5B56E /* Constraints+Activation+Priority.swift */ = {isa = PBXFileReference; lastKnownFileType = sourcecode.swift; path = "Constraints+Activation+Priority.swift"; sourceTree = "<group>"; };
		9B9D19082157361900A5B56E /* UIView+Constraints.swift */ = {isa = PBXFileReference; lastKnownFileType = sourcecode.swift; path = "UIView+Constraints.swift"; sourceTree = "<group>"; };
		9B9D190A2157375C00A5B56E /* SampleNibView.xib */ = {isa = PBXFileReference; fileEncoding = 4; lastKnownFileType = file.xib; path = SampleNibView.xib; sourceTree = "<group>"; };
		9B9D190B2157375C00A5B56E /* SampleNibCell.swift */ = {isa = PBXFileReference; fileEncoding = 4; lastKnownFileType = sourcecode.swift; path = SampleNibCell.swift; sourceTree = "<group>"; };
		9B9D190E215737B500A5B56E /* HomeProblemCell.swift */ = {isa = PBXFileReference; fileEncoding = 4; lastKnownFileType = sourcecode.swift; path = HomeProblemCell.swift; sourceTree = "<group>"; };
		9B9D19122157395C00A5B56E /* UIView+FTDConstrainable.swift */ = {isa = PBXFileReference; lastKnownFileType = sourcecode.swift; path = "UIView+FTDConstrainable.swift"; sourceTree = "<group>"; };
		9B9D1914215740EA00A5B56E /* SampleViewController.swift */ = {isa = PBXFileReference; lastKnownFileType = sourcecode.swift; path = SampleViewController.swift; sourceTree = "<group>"; };
		A785BA324AF4372BC29C022D /* Pods-Assemble.debug.xcconfig */ = {isa = PBXFileReference; includeInIndex = 1; lastKnownFileType = text.xcconfig; name = "Pods-Assemble.debug.xcconfig"; path = "Pods/Target Support Files/Pods-Assemble/Pods-Assemble.debug.xcconfig"; sourceTree = "<group>"; };
		F9EC583DE16DF0C7F51A7953 /* Pods_Assemble.framework */ = {isa = PBXFileReference; explicitFileType = wrapper.framework; includeInIndex = 0; path = Pods_Assemble.framework; sourceTree = BUILT_PRODUCTS_DIR; };
/* End PBXFileReference section */

/* Begin PBXFrameworksBuildPhase section */
		9B9D18BA215712D100A5B56E /* Frameworks */ = {
			isa = PBXFrameworksBuildPhase;
			buildActionMask = 2147483647;
			files = (
				7B30B5C9FF29F95844626635 /* Pods_Assemble.framework in Frameworks */,
			);
			runOnlyForDeploymentPostprocessing = 0;
		};
		9B9D18CE215712D100A5B56E /* Frameworks */ = {
			isa = PBXFrameworksBuildPhase;
			buildActionMask = 2147483647;
			files = (
			);
			runOnlyForDeploymentPostprocessing = 0;
		};
/* End PBXFrameworksBuildPhase section */

/* Begin PBXGroup section */
		5FF338FB746C1D62D704F8AA /* Frameworks */ = {
			isa = PBXGroup;
			children = (
				F9EC583DE16DF0C7F51A7953 /* Pods_Assemble.framework */,
			);
			name = Frameworks;
			sourceTree = "<group>";
		};
		9B22793621579179004907DD /* UIControls */ = {
			isa = PBXGroup;
			children = (
				9B22793721579235004907DD /* PolarisButton.swift */,
			);
			path = UIControls;
			sourceTree = "<group>";
		};
		9B5D740D2157429F00EC7534 /* Models */ = {
			isa = PBXGroup;
			children = (
				9B9D18F62157175700A5B56E /* Test */,
				9B5D740E215742AC00EC7534 /* Problem.swift */,
				9B5D741421574A1F00EC7534 /* Solution.swift */,
				9B5D741621574B2100EC7534 /* GovernmentLevel.swift */,
			);
			path = Models;
			sourceTree = "<group>";
		};
		9B9D18B4215712D100A5B56E = {
			isa = PBXGroup;
			children = (
				9B9D18BF215712D100A5B56E /* Assemble */,
				9B9D18D4215712D100A5B56E /* AssembleTests */,
				9B9D18BE215712D100A5B56E /* Products */,
				E34A4366B94981DEDB73CE98 /* Pods */,
				5FF338FB746C1D62D704F8AA /* Frameworks */,
			);
			sourceTree = "<group>";
		};
		9B9D18BE215712D100A5B56E /* Products */ = {
			isa = PBXGroup;
			children = (
				9B9D18BD215712D100A5B56E /* Assemble.app */,
				9B9D18D1215712D100A5B56E /* AssembleTests.xctest */,
			);
			name = Products;
			sourceTree = "<group>";
		};
		9B9D18BF215712D100A5B56E /* Assemble */ = {
			isa = PBXGroup;
			children = (
				9B22793621579179004907DD /* UIControls */,
				9B5D740D2157429F00EC7534 /* Models */,
				9B9D18FE215734CA00A5B56E /* FTD Host Cells */,
				9B9D18F32157161200A5B56E /* Network */,
				9B9D18E8215713BF00A5B56E /* ViewControllers */,
				9B9D18E3215713A100A5B56E /* Utilities */,
				9B9D18C0215712D100A5B56E /* AppDelegate.swift */,
				9B9D18C7215712D100A5B56E /* Assets.xcassets */,
				9B9D18C9215712D100A5B56E /* LaunchScreen.storyboard */,
				9B9D18CC215712D100A5B56E /* Info.plist */,
				9B9D18E02157137800A5B56E /* GoogleService-Info.plist */,
			);
			path = Assemble;
			sourceTree = "<group>";
		};
		9B9D18D4215712D100A5B56E /* AssembleTests */ = {
			isa = PBXGroup;
			children = (
				9B9D18D5215712D100A5B56E /* AssembleTests.swift */,
				9B9D18D7215712D100A5B56E /* Info.plist */,
			);
			path = AssembleTests;
			sourceTree = "<group>";
		};
		9B9D18E3215713A100A5B56E /* Utilities */ = {
			isa = PBXGroup;
			children = (
				9B9D1903215735A000A5B56E /* NeatConstraints */,
				9B9D18F9215717B000A5B56E /* FirestoreUtils */,
				9B9D18E4215713B000A5B56E /* Extensions */,
				9B5D74102157463200EC7534 /* ContextLogger.swift */,
				9B44034B2157534E0006C25E /* ControlText.swift */,
				9B44034F215762A30006C25E /* AssembleLayout.swift */,
			);
			path = Utilities;
			sourceTree = "<group>";
		};
		9B9D18E4215713B000A5B56E /* Extensions */ = {
			isa = PBXGroup;
			children = (
				9B9D18EF215714D200A5B56E /* UIColor+Extension.swift */,
				9B9D19122157395C00A5B56E /* UIView+FTDConstrainable.swift */,
			);
			path = Extensions;
			sourceTree = "<group>";
		};
		9B9D18E8215713BF00A5B56E /* ViewControllers */ = {
			isa = PBXGroup;
			children = (
				9B9D18F12157156F00A5B56E /* AssemblyNavigationController.swift */,
				9B44034921574DEE0006C25E /* HomeViewController.swift */,
				9B440351215768520006C25E /* AddProblemDataViewController.swift */,
				9B9D1914215740EA00A5B56E /* SampleViewController.swift */,
				9B22793421579125004907DD /* ProblemViewController.swift */,
				9B2279392157B167004907DD /* AddSolutionsViewController.swift */,
			);
			path = ViewControllers;
			sourceTree = "<group>";
		};
		9B9D18F32157161200A5B56E /* Network */ = {
			isa = PBXGroup;
			children = (
				9B9D18F42157162300A5B56E /* FirestoreManager.swift */,
				9B9D18FC2157254C00A5B56E /* FirestoreManagerSample+TestSaves.swift */,
				9B44035321576A6B0006C25E /* FirestoreFakeDataSaver.swift */,
			);
			path = Network;
			sourceTree = "<group>";
		};
		9B9D18F62157175700A5B56E /* Test */ = {
			isa = PBXGroup;
			children = (
				9B9D18F72157176100A5B56E /* Restaurant.swift */,
			);
			path = Test;
			sourceTree = "<group>";
		};
		9B9D18F9215717B000A5B56E /* FirestoreUtils */ = {
			isa = PBXGroup;
			children = (
				9B9D18FA215717C300A5B56E /* LocalCollection.swift */,
			);
			path = FirestoreUtils;
			sourceTree = "<group>";
		};
		9B9D18FE215734CA00A5B56E /* FTD Host Cells */ = {
			isa = PBXGroup;
			children = (
				9B9D18FF2157355300A5B56E /* FTDCellFactory.swift */,
				9B9D19012157357300A5B56E /* SpacerCell.swift */,
				9B9D190E215737B500A5B56E /* HomeProblemCell.swift */,
				9B9D190B2157375C00A5B56E /* SampleNibCell.swift */,
				9B9D190A2157375C00A5B56E /* SampleNibView.xib */,
				9B44034D215762600006C25E /* TitleHeaderCell.swift */,
				9B227932215788A6004907DD /* ImageCell.swift */,
			);
			path = "FTD Host Cells";
			sourceTree = "<group>";
		};
		9B9D1903215735A000A5B56E /* NeatConstraints */ = {
			isa = PBXGroup;
			children = (
				9B9D1904215735C400A5B56E /* Constrainable.swift */,
				9B9D1906215735FB00A5B56E /* Constraints+Activation+Priority.swift */,
				9B9D19082157361900A5B56E /* UIView+Constraints.swift */,
			);
			path = NeatConstraints;
			sourceTree = "<group>";
		};
		E34A4366B94981DEDB73CE98 /* Pods */ = {
			isa = PBXGroup;
			children = (
				A785BA324AF4372BC29C022D /* Pods-Assemble.debug.xcconfig */,
				866FEAF0AC8E69201E29F7CA /* Pods-Assemble.release.xcconfig */,
			);
			name = Pods;
			sourceTree = "<group>";
		};
/* End PBXGroup section */

/* Begin PBXNativeTarget section */
		9B9D18BC215712D100A5B56E /* Assemble */ = {
			isa = PBXNativeTarget;
			buildConfigurationList = 9B9D18DA215712D100A5B56E /* Build configuration list for PBXNativeTarget "Assemble" */;
			buildPhases = (
				1BC8BEDB6726CF5D3C2B05D1 /* [CP] Check Pods Manifest.lock */,
				9B9D18B9215712D100A5B56E /* Sources */,
				9B9D18BA215712D100A5B56E /* Frameworks */,
				9B9D18BB215712D100A5B56E /* Resources */,
				BEA3C3E8C13D3F4FD23312DA /* [CP] Embed Pods Frameworks */,
				7208F2A55A5F49C11E557BEC /* [CP] Copy Pods Resources */,
			);
			buildRules = (
			);
			dependencies = (
			);
			name = Assemble;
			productName = Assemble;
			productReference = 9B9D18BD215712D100A5B56E /* Assemble.app */;
			productType = "com.apple.product-type.application";
		};
		9B9D18D0215712D100A5B56E /* AssembleTests */ = {
			isa = PBXNativeTarget;
			buildConfigurationList = 9B9D18DD215712D100A5B56E /* Build configuration list for PBXNativeTarget "AssembleTests" */;
			buildPhases = (
				9B9D18CD215712D100A5B56E /* Sources */,
				9B9D18CE215712D100A5B56E /* Frameworks */,
				9B9D18CF215712D100A5B56E /* Resources */,
			);
			buildRules = (
			);
			dependencies = (
				9B9D18D3215712D100A5B56E /* PBXTargetDependency */,
			);
			name = AssembleTests;
			productName = AssembleTests;
			productReference = 9B9D18D1215712D100A5B56E /* AssembleTests.xctest */;
			productType = "com.apple.product-type.bundle.unit-test";
		};
/* End PBXNativeTarget section */

/* Begin PBXProject section */
		9B9D18B5215712D100A5B56E /* Project object */ = {
			isa = PBXProject;
			attributes = {
				LastSwiftUpdateCheck = 1000;
				LastUpgradeCheck = 1000;
				ORGANIZATIONNAME = "Paige Sun";
				TargetAttributes = {
					9B9D18BC215712D100A5B56E = {
						CreatedOnToolsVersion = 10.0;
					};
					9B9D18D0215712D100A5B56E = {
						CreatedOnToolsVersion = 10.0;
						TestTargetID = 9B9D18BC215712D100A5B56E;
					};
				};
			};
			buildConfigurationList = 9B9D18B8215712D100A5B56E /* Build configuration list for PBXProject "Assemble" */;
			compatibilityVersion = "Xcode 9.3";
			developmentRegion = en;
			hasScannedForEncodings = 0;
			knownRegions = (
				en,
				Base,
			);
			mainGroup = 9B9D18B4215712D100A5B56E;
			productRefGroup = 9B9D18BE215712D100A5B56E /* Products */;
			projectDirPath = "";
			projectRoot = "";
			targets = (
				9B9D18BC215712D100A5B56E /* Assemble */,
				9B9D18D0215712D100A5B56E /* AssembleTests */,
			);
		};
/* End PBXProject section */

/* Begin PBXResourcesBuildPhase section */
		9B9D18BB215712D100A5B56E /* Resources */ = {
			isa = PBXResourcesBuildPhase;
			buildActionMask = 2147483647;
			files = (
				9B9D190C2157375C00A5B56E /* SampleNibView.xib in Resources */,
				9B9D18E12157137800A5B56E /* GoogleService-Info.plist in Resources */,
				9B9D18CB215712D100A5B56E /* LaunchScreen.storyboard in Resources */,
				9B9D18C8215712D100A5B56E /* Assets.xcassets in Resources */,
			);
			runOnlyForDeploymentPostprocessing = 0;
		};
		9B9D18CF215712D100A5B56E /* Resources */ = {
			isa = PBXResourcesBuildPhase;
			buildActionMask = 2147483647;
			files = (
				9B9D18E22157137800A5B56E /* GoogleService-Info.plist in Resources */,
			);
			runOnlyForDeploymentPostprocessing = 0;
		};
/* End PBXResourcesBuildPhase section */

/* Begin PBXShellScriptBuildPhase section */
		1BC8BEDB6726CF5D3C2B05D1 /* [CP] Check Pods Manifest.lock */ = {
			isa = PBXShellScriptBuildPhase;
			buildActionMask = 2147483647;
			files = (
			);
			inputFileListPaths = (
			);
			inputPaths = (
				"${PODS_PODFILE_DIR_PATH}/Podfile.lock",
				"${PODS_ROOT}/Manifest.lock",
			);
			name = "[CP] Check Pods Manifest.lock";
			outputFileListPaths = (
			);
			outputPaths = (
				"$(DERIVED_FILE_DIR)/Pods-Assemble-checkManifestLockResult.txt",
			);
			runOnlyForDeploymentPostprocessing = 0;
			shellPath = /bin/sh;
			shellScript = "diff \"${PODS_PODFILE_DIR_PATH}/Podfile.lock\" \"${PODS_ROOT}/Manifest.lock\" > /dev/null\nif [ $? != 0 ] ; then\n    # print error to STDERR\n    echo \"error: The sandbox is not in sync with the Podfile.lock. Run 'pod install' or update your CocoaPods installation.\" >&2\n    exit 1\nfi\n# This output is used by Xcode 'outputs' to avoid re-running this script phase.\necho \"SUCCESS\" > \"${SCRIPT_OUTPUT_FILE_0}\"\n";
			showEnvVarsInLog = 0;
		};
		7208F2A55A5F49C11E557BEC /* [CP] Copy Pods Resources */ = {
			isa = PBXShellScriptBuildPhase;
			buildActionMask = 2147483647;
			files = (
			);
			inputFileListPaths = (
			);
			inputPaths = (
				"${SRCROOT}/Pods/Target Support Files/Pods-Assemble/Pods-Assemble-resources.sh",
				"${PODS_CONFIGURATION_BUILD_DIR}/FirebaseUI/FirebaseAuthUI.bundle",
				"${PODS_CONFIGURATION_BUILD_DIR}/FirebaseUI/FirebaseGoogleAuthUI.bundle",
				"${PODS_ROOT}/GoogleSignIn/Resources/GoogleSignIn.bundle",
			);
			name = "[CP] Copy Pods Resources";
			outputFileListPaths = (
			);
			outputPaths = (
				"${TARGET_BUILD_DIR}/${UNLOCALIZED_RESOURCES_FOLDER_PATH}/FirebaseAuthUI.bundle",
				"${TARGET_BUILD_DIR}/${UNLOCALIZED_RESOURCES_FOLDER_PATH}/FirebaseGoogleAuthUI.bundle",
				"${TARGET_BUILD_DIR}/${UNLOCALIZED_RESOURCES_FOLDER_PATH}/GoogleSignIn.bundle",
			);
			runOnlyForDeploymentPostprocessing = 0;
			shellPath = /bin/sh;
			shellScript = "\"${SRCROOT}/Pods/Target Support Files/Pods-Assemble/Pods-Assemble-resources.sh\"\n";
			showEnvVarsInLog = 0;
		};
		BEA3C3E8C13D3F4FD23312DA /* [CP] Embed Pods Frameworks */ = {
			isa = PBXShellScriptBuildPhase;
			buildActionMask = 2147483647;
			files = (
			);
			inputFileListPaths = (
			);
			inputPaths = (
				"${SRCROOT}/Pods/Target Support Files/Pods-Assemble/Pods-Assemble-frameworks.sh",
				"${BUILT_PRODUCTS_DIR}/BoringSSL/openssl.framework",
				"${BUILT_PRODUCTS_DIR}/GTMOAuth2/GTMOAuth2.framework",
				"${BUILT_PRODUCTS_DIR}/GTMSessionFetcher/GTMSessionFetcher.framework",
				"${BUILT_PRODUCTS_DIR}/GoogleToolboxForMac/GoogleToolboxForMac.framework",
				"${BUILT_PRODUCTS_DIR}/GoogleUtilities/GoogleUtilities.framework",
				"${BUILT_PRODUCTS_DIR}/Protobuf/Protobuf.framework",
				"${BUILT_PRODUCTS_DIR}/SDWebImage/SDWebImage.framework",
				"${BUILT_PRODUCTS_DIR}/SwiftyTables/SwiftyTables.framework",
				"${BUILT_PRODUCTS_DIR}/gRPC/GRPCClient.framework",
				"${BUILT_PRODUCTS_DIR}/gRPC-Core/grpc.framework",
				"${BUILT_PRODUCTS_DIR}/gRPC-ProtoRPC/ProtoRPC.framework",
				"${BUILT_PRODUCTS_DIR}/gRPC-RxLibrary/RxLibrary.framework",
				"${BUILT_PRODUCTS_DIR}/leveldb-library/leveldb.framework",
				"${BUILT_PRODUCTS_DIR}/nanopb/nanopb.framework",
			);
			name = "[CP] Embed Pods Frameworks";
			outputFileListPaths = (
			);
			outputPaths = (
				"${TARGET_BUILD_DIR}/${FRAMEWORKS_FOLDER_PATH}/openssl.framework",
				"${TARGET_BUILD_DIR}/${FRAMEWORKS_FOLDER_PATH}/GTMOAuth2.framework",
				"${TARGET_BUILD_DIR}/${FRAMEWORKS_FOLDER_PATH}/GTMSessionFetcher.framework",
				"${TARGET_BUILD_DIR}/${FRAMEWORKS_FOLDER_PATH}/GoogleToolboxForMac.framework",
				"${TARGET_BUILD_DIR}/${FRAMEWORKS_FOLDER_PATH}/GoogleUtilities.framework",
				"${TARGET_BUILD_DIR}/${FRAMEWORKS_FOLDER_PATH}/Protobuf.framework",
				"${TARGET_BUILD_DIR}/${FRAMEWORKS_FOLDER_PATH}/SDWebImage.framework",
				"${TARGET_BUILD_DIR}/${FRAMEWORKS_FOLDER_PATH}/SwiftyTables.framework",
				"${TARGET_BUILD_DIR}/${FRAMEWORKS_FOLDER_PATH}/GRPCClient.framework",
				"${TARGET_BUILD_DIR}/${FRAMEWORKS_FOLDER_PATH}/grpc.framework",
				"${TARGET_BUILD_DIR}/${FRAMEWORKS_FOLDER_PATH}/ProtoRPC.framework",
				"${TARGET_BUILD_DIR}/${FRAMEWORKS_FOLDER_PATH}/RxLibrary.framework",
				"${TARGET_BUILD_DIR}/${FRAMEWORKS_FOLDER_PATH}/leveldb.framework",
				"${TARGET_BUILD_DIR}/${FRAMEWORKS_FOLDER_PATH}/nanopb.framework",
			);
			runOnlyForDeploymentPostprocessing = 0;
			shellPath = /bin/sh;
			shellScript = "\"${SRCROOT}/Pods/Target Support Files/Pods-Assemble/Pods-Assemble-frameworks.sh\"\n";
			showEnvVarsInLog = 0;
		};
/* End PBXShellScriptBuildPhase section */

/* Begin PBXSourcesBuildPhase section */
		9B9D18B9215712D100A5B56E /* Sources */ = {
			isa = PBXSourcesBuildPhase;
			buildActionMask = 2147483647;
			files = (
				9B22793A2157B167004907DD /* AddSolutionsViewController.swift in Sources */,
				9B9D19132157395C00A5B56E /* UIView+FTDConstrainable.swift in Sources */,
				9B440350215762A30006C25E /* AssembleLayout.swift in Sources */,
				9B9D18F22157156F00A5B56E /* AssemblyNavigationController.swift in Sources */,
				9B9D1907215735FB00A5B56E /* Constraints+Activation+Priority.swift in Sources */,
				9B44035421576A6B0006C25E /* FirestoreFakeDataSaver.swift in Sources */,
				9B9D1915215740EA00A5B56E /* SampleViewController.swift in Sources */,
				9B9D19092157361900A5B56E /* UIView+Constraints.swift in Sources */,
				9B44034A21574DEE0006C25E /* HomeViewController.swift in Sources */,
				9B9D18F82157176100A5B56E /* Restaurant.swift in Sources */,
				9B5D740F215742AC00EC7534 /* Problem.swift in Sources */,
				9B9D190D2157375C00A5B56E /* SampleNibCell.swift in Sources */,
				9B227933215788A6004907DD /* ImageCell.swift in Sources */,
				9B9D1910215737B500A5B56E /* HomeProblemCell.swift in Sources */,
				9B5D741521574A1F00EC7534 /* Solution.swift in Sources */,
				9B22793521579125004907DD /* ProblemViewController.swift in Sources */,
				9B5D74112157463200EC7534 /* ContextLogger.swift in Sources */,
				9B9D1905215735C400A5B56E /* Constrainable.swift in Sources */,
				9B9D18C1215712D100A5B56E /* AppDelegate.swift in Sources */,
				9B44034E215762600006C25E /* TitleHeaderCell.swift in Sources */,
				9B44034C2157534E0006C25E /* ControlText.swift in Sources */,
				9B5D741821574C4000EC7534 /* GovernmentLevel.swift in Sources */,
				9B9D19002157355300A5B56E /* FTDCellFactory.swift in Sources */,
				9B440352215768520006C25E /* AddProblemDataViewController.swift in Sources */,
				9B9D18FB215717C300A5B56E /* LocalCollection.swift in Sources */,
				9B9D18F52157162300A5B56E /* FirestoreManager.swift in Sources */,
				9B9D18F0215714D200A5B56E /* UIColor+Extension.swift in Sources */,
				9B9D18FD2157254C00A5B56E /* FirestoreManagerSample+TestSaves.swift in Sources */,
				9B9D19022157357300A5B56E /* SpacerCell.swift in Sources */,
				9B22793821579235004907DD /* PolarisButton.swift in Sources */,
			);
			runOnlyForDeploymentPostprocessing = 0;
		};
		9B9D18CD215712D100A5B56E /* Sources */ = {
			isa = PBXSourcesBuildPhase;
			buildActionMask = 2147483647;
			files = (
				9B9D18D6215712D100A5B56E /* AssembleTests.swift in Sources */,
			);
			runOnlyForDeploymentPostprocessing = 0;
		};
/* End PBXSourcesBuildPhase section */

/* Begin PBXTargetDependency section */
		9B9D18D3215712D100A5B56E /* PBXTargetDependency */ = {
			isa = PBXTargetDependency;
			target = 9B9D18BC215712D100A5B56E /* Assemble */;
			targetProxy = 9B9D18D2215712D100A5B56E /* PBXContainerItemProxy */;
		};
/* End PBXTargetDependency section */

/* Begin PBXVariantGroup section */
		9B9D18C9215712D100A5B56E /* LaunchScreen.storyboard */ = {
			isa = PBXVariantGroup;
			children = (
				9B9D18CA215712D100A5B56E /* Base */,
			);
			name = LaunchScreen.storyboard;
			sourceTree = "<group>";
		};
/* End PBXVariantGroup section */

/* Begin XCBuildConfiguration section */
		9B9D18D8215712D100A5B56E /* Debug */ = {
			isa = XCBuildConfiguration;
			buildSettings = {
				ALWAYS_SEARCH_USER_PATHS = NO;
				CLANG_ANALYZER_NONNULL = YES;
				CLANG_ANALYZER_NUMBER_OBJECT_CONVERSION = YES_AGGRESSIVE;
				CLANG_CXX_LANGUAGE_STANDARD = "gnu++14";
				CLANG_CXX_LIBRARY = "libc++";
				CLANG_ENABLE_MODULES = YES;
				CLANG_ENABLE_OBJC_ARC = YES;
				CLANG_ENABLE_OBJC_WEAK = YES;
				CLANG_WARN_BLOCK_CAPTURE_AUTORELEASING = YES;
				CLANG_WARN_BOOL_CONVERSION = YES;
				CLANG_WARN_COMMA = YES;
				CLANG_WARN_CONSTANT_CONVERSION = YES;
				CLANG_WARN_DEPRECATED_OBJC_IMPLEMENTATIONS = YES;
				CLANG_WARN_DIRECT_OBJC_ISA_USAGE = YES_ERROR;
				CLANG_WARN_DOCUMENTATION_COMMENTS = YES;
				CLANG_WARN_EMPTY_BODY = YES;
				CLANG_WARN_ENUM_CONVERSION = YES;
				CLANG_WARN_INFINITE_RECURSION = YES;
				CLANG_WARN_INT_CONVERSION = YES;
				CLANG_WARN_NON_LITERAL_NULL_CONVERSION = YES;
				CLANG_WARN_OBJC_IMPLICIT_RETAIN_SELF = YES;
				CLANG_WARN_OBJC_LITERAL_CONVERSION = YES;
				CLANG_WARN_OBJC_ROOT_CLASS = YES_ERROR;
				CLANG_WARN_RANGE_LOOP_ANALYSIS = YES;
				CLANG_WARN_STRICT_PROTOTYPES = YES;
				CLANG_WARN_SUSPICIOUS_MOVE = YES;
				CLANG_WARN_UNGUARDED_AVAILABILITY = YES_AGGRESSIVE;
				CLANG_WARN_UNREACHABLE_CODE = YES;
				CLANG_WARN__DUPLICATE_METHOD_MATCH = YES;
				CODE_SIGN_IDENTITY = "iPhone Developer";
				COPY_PHASE_STRIP = NO;
				DEBUG_INFORMATION_FORMAT = dwarf;
				ENABLE_STRICT_OBJC_MSGSEND = YES;
				ENABLE_TESTABILITY = YES;
				GCC_C_LANGUAGE_STANDARD = gnu11;
				GCC_DYNAMIC_NO_PIC = NO;
				GCC_NO_COMMON_BLOCKS = YES;
				GCC_OPTIMIZATION_LEVEL = 0;
				GCC_PREPROCESSOR_DEFINITIONS = (
					"DEBUG=1",
					"$(inherited)",
				);
				GCC_WARN_64_TO_32_BIT_CONVERSION = YES;
				GCC_WARN_ABOUT_RETURN_TYPE = YES_ERROR;
				GCC_WARN_UNDECLARED_SELECTOR = YES;
				GCC_WARN_UNINITIALIZED_AUTOS = YES_AGGRESSIVE;
				GCC_WARN_UNUSED_FUNCTION = YES;
				GCC_WARN_UNUSED_VARIABLE = YES;
				IPHONEOS_DEPLOYMENT_TARGET = 12.0;
				MTL_ENABLE_DEBUG_INFO = INCLUDE_SOURCE;
				MTL_FAST_MATH = YES;
				ONLY_ACTIVE_ARCH = YES;
				SDKROOT = iphoneos;
				SWIFT_ACTIVE_COMPILATION_CONDITIONS = DEBUG;
				SWIFT_OPTIMIZATION_LEVEL = "-Onone";
			};
			name = Debug;
		};
		9B9D18D9215712D100A5B56E /* Release */ = {
			isa = XCBuildConfiguration;
			buildSettings = {
				ALWAYS_SEARCH_USER_PATHS = NO;
				CLANG_ANALYZER_NONNULL = YES;
				CLANG_ANALYZER_NUMBER_OBJECT_CONVERSION = YES_AGGRESSIVE;
				CLANG_CXX_LANGUAGE_STANDARD = "gnu++14";
				CLANG_CXX_LIBRARY = "libc++";
				CLANG_ENABLE_MODULES = YES;
				CLANG_ENABLE_OBJC_ARC = YES;
				CLANG_ENABLE_OBJC_WEAK = YES;
				CLANG_WARN_BLOCK_CAPTURE_AUTORELEASING = YES;
				CLANG_WARN_BOOL_CONVERSION = YES;
				CLANG_WARN_COMMA = YES;
				CLANG_WARN_CONSTANT_CONVERSION = YES;
				CLANG_WARN_DEPRECATED_OBJC_IMPLEMENTATIONS = YES;
				CLANG_WARN_DIRECT_OBJC_ISA_USAGE = YES_ERROR;
				CLANG_WARN_DOCUMENTATION_COMMENTS = YES;
				CLANG_WARN_EMPTY_BODY = YES;
				CLANG_WARN_ENUM_CONVERSION = YES;
				CLANG_WARN_INFINITE_RECURSION = YES;
				CLANG_WARN_INT_CONVERSION = YES;
				CLANG_WARN_NON_LITERAL_NULL_CONVERSION = YES;
				CLANG_WARN_OBJC_IMPLICIT_RETAIN_SELF = YES;
				CLANG_WARN_OBJC_LITERAL_CONVERSION = YES;
				CLANG_WARN_OBJC_ROOT_CLASS = YES_ERROR;
				CLANG_WARN_RANGE_LOOP_ANALYSIS = YES;
				CLANG_WARN_STRICT_PROTOTYPES = YES;
				CLANG_WARN_SUSPICIOUS_MOVE = YES;
				CLANG_WARN_UNGUARDED_AVAILABILITY = YES_AGGRESSIVE;
				CLANG_WARN_UNREACHABLE_CODE = YES;
				CLANG_WARN__DUPLICATE_METHOD_MATCH = YES;
				CODE_SIGN_IDENTITY = "iPhone Developer";
				COPY_PHASE_STRIP = NO;
				DEBUG_INFORMATION_FORMAT = "dwarf-with-dsym";
				ENABLE_NS_ASSERTIONS = NO;
				ENABLE_STRICT_OBJC_MSGSEND = YES;
				GCC_C_LANGUAGE_STANDARD = gnu11;
				GCC_NO_COMMON_BLOCKS = YES;
				GCC_WARN_64_TO_32_BIT_CONVERSION = YES;
				GCC_WARN_ABOUT_RETURN_TYPE = YES_ERROR;
				GCC_WARN_UNDECLARED_SELECTOR = YES;
				GCC_WARN_UNINITIALIZED_AUTOS = YES_AGGRESSIVE;
				GCC_WARN_UNUSED_FUNCTION = YES;
				GCC_WARN_UNUSED_VARIABLE = YES;
				IPHONEOS_DEPLOYMENT_TARGET = 12.0;
				MTL_ENABLE_DEBUG_INFO = NO;
				MTL_FAST_MATH = YES;
				SDKROOT = iphoneos;
				SWIFT_COMPILATION_MODE = wholemodule;
				SWIFT_OPTIMIZATION_LEVEL = "-O";
				VALIDATE_PRODUCT = YES;
			};
			name = Release;
		};
		9B9D18DB215712D100A5B56E /* Debug */ = {
			isa = XCBuildConfiguration;
			baseConfigurationReference = A785BA324AF4372BC29C022D /* Pods-Assemble.debug.xcconfig */;
			buildSettings = {
				ASSETCATALOG_COMPILER_APPICON_NAME = AppIcon;
				CODE_SIGN_STYLE = Automatic;
				DEVELOPMENT_TEAM = 66T4X4PK9Q;
				INFOPLIST_FILE = Assemble/Info.plist;
				LD_RUNPATH_SEARCH_PATHS = (
					"$(inherited)",
					"@executable_path/Frameworks",
				);
				PRODUCT_BUNDLE_IDENTIFIER = com.paigesun.Assemble;
				PRODUCT_NAME = "$(TARGET_NAME)";
				SWIFT_VERSION = 4.2;
				TARGETED_DEVICE_FAMILY = "1,2";
			};
			name = Debug;
		};
		9B9D18DC215712D100A5B56E /* Release */ = {
			isa = XCBuildConfiguration;
			baseConfigurationReference = 866FEAF0AC8E69201E29F7CA /* Pods-Assemble.release.xcconfig */;
			buildSettings = {
				ASSETCATALOG_COMPILER_APPICON_NAME = AppIcon;
				CODE_SIGN_STYLE = Automatic;
				DEVELOPMENT_TEAM = 66T4X4PK9Q;
				INFOPLIST_FILE = Assemble/Info.plist;
				LD_RUNPATH_SEARCH_PATHS = (
					"$(inherited)",
					"@executable_path/Frameworks",
				);
				PRODUCT_BUNDLE_IDENTIFIER = com.paigesun.Assemble;
				PRODUCT_NAME = "$(TARGET_NAME)";
				SWIFT_VERSION = 4.2;
				TARGETED_DEVICE_FAMILY = "1,2";
			};
			name = Release;
		};
		9B9D18DE215712D100A5B56E /* Debug */ = {
			isa = XCBuildConfiguration;
			buildSettings = {
				ALWAYS_EMBED_SWIFT_STANDARD_LIBRARIES = YES;
				BUNDLE_LOADER = "$(TEST_HOST)";
				CODE_SIGN_STYLE = Automatic;
				DEVELOPMENT_TEAM = 66T4X4PK9Q;
				INFOPLIST_FILE = AssembleTests/Info.plist;
				LD_RUNPATH_SEARCH_PATHS = (
					"$(inherited)",
					"@executable_path/Frameworks",
					"@loader_path/Frameworks",
				);
				PRODUCT_BUNDLE_IDENTIFIER = com.paigesun.AssembleTests;
				PRODUCT_NAME = "$(TARGET_NAME)";
				SWIFT_VERSION = 4.2;
				TARGETED_DEVICE_FAMILY = "1,2";
				TEST_HOST = "$(BUILT_PRODUCTS_DIR)/Assemble.app/Assemble";
			};
			name = Debug;
		};
		9B9D18DF215712D100A5B56E /* Release */ = {
			isa = XCBuildConfiguration;
			buildSettings = {
				ALWAYS_EMBED_SWIFT_STANDARD_LIBRARIES = YES;
				BUNDLE_LOADER = "$(TEST_HOST)";
				CODE_SIGN_STYLE = Automatic;
				DEVELOPMENT_TEAM = 66T4X4PK9Q;
				INFOPLIST_FILE = AssembleTests/Info.plist;
				LD_RUNPATH_SEARCH_PATHS = (
					"$(inherited)",
					"@executable_path/Frameworks",
					"@loader_path/Frameworks",
				);
				PRODUCT_BUNDLE_IDENTIFIER = com.paigesun.AssembleTests;
				PRODUCT_NAME = "$(TARGET_NAME)";
				SWIFT_VERSION = 4.2;
				TARGETED_DEVICE_FAMILY = "1,2";
				TEST_HOST = "$(BUILT_PRODUCTS_DIR)/Assemble.app/Assemble";
			};
			name = Release;
		};
/* End XCBuildConfiguration section */

/* Begin XCConfigurationList section */
		9B9D18B8215712D100A5B56E /* Build configuration list for PBXProject "Assemble" */ = {
			isa = XCConfigurationList;
			buildConfigurations = (
				9B9D18D8215712D100A5B56E /* Debug */,
				9B9D18D9215712D100A5B56E /* Release */,
			);
			defaultConfigurationIsVisible = 0;
			defaultConfigurationName = Release;
		};
		9B9D18DA215712D100A5B56E /* Build configuration list for PBXNativeTarget "Assemble" */ = {
			isa = XCConfigurationList;
			buildConfigurations = (
				9B9D18DB215712D100A5B56E /* Debug */,
				9B9D18DC215712D100A5B56E /* Release */,
			);
			defaultConfigurationIsVisible = 0;
			defaultConfigurationName = Release;
		};
		9B9D18DD215712D100A5B56E /* Build configuration list for PBXNativeTarget "AssembleTests" */ = {
			isa = XCConfigurationList;
			buildConfigurations = (
				9B9D18DE215712D100A5B56E /* Debug */,
				9B9D18DF215712D100A5B56E /* Release */,
			);
			defaultConfigurationIsVisible = 0;
			defaultConfigurationName = Release;
		};
/* End XCConfigurationList section */
	};
	rootObject = 9B9D18B5215712D100A5B56E /* Project object */;
}
